
Microsoft Visual Studio Solution File, Format Version 12.00
# Visual Studio Version 17
VisualStudioVersion = 17.14.36221.1 d17.14
MinimumVisualStudioVersion = 10.0.40219.1
Project("{FAE04EC0-301F-11D3-BF4B-00C04F79EFBC}") = "NutriConsole", "NutriConsole\NutriConsole.csproj", "{D335423E-EF47-4232-BA16-6862EB6885D2}"
EndProject
Project("{FAE04EC0-301F-11D3-BF4B-00C04F79EFBC}") = "NutriApp.Core", "NutriApp.Core\NutriApp.Core.csproj", "{5850104E-35AB-4D4A-A8CF-54D91FD104C2}"
EndProject
Global
	GlobalSection(SolutionConfigurationPlatforms) = preSolution
		Debug|Any CPU = Debug|Any CPU
		Release|Any CPU = Release|Any CPU
	EndGlobalSection
	GlobalSection(ProjectConfigurationPlatforms) = postSolution
		{D335423E-EF47-4232-BA16-6862EB6885D2}.Debug|Any CPU.ActiveCfg = Debug|Any CPU
		{D335423E-EF47-4232-BA16-6862EB6885D2}.Debug|Any CPU.Build.0 = Debug|Any CPU
		{D335423E-EF47-4232-BA16-6862EB6885D2}.Release|Any CPU.ActiveCfg = Release|Any CPU
		{D335423E-EF47-4232-BA16-6862EB6885D2}.Release|Any CPU.Build.0 = Release|Any CPU
		{5850104E-35AB-4D4A-A8CF-54D91FD104C2}.Debug|Any CPU.ActiveCfg = Debug|Any CPU
		{5850104E-35AB-4D4A-A8CF-54D91FD104C2}.Debug|Any CPU.Build.0 = Debug|Any CPU
		{5850104E-35AB-4D4A-A8CF-54D91FD104C2}.Release|Any CPU.ActiveCfg = Release|Any CPU
		{5850104E-35AB-4D4A-A8CF-54D91FD104C2}.Release|Any CPU.Build.0 = Release|Any CPU
	EndGlobalSection
	GlobalSection(SolutionProperties) = preSolution
		HideSolutionNode = FALSE
	EndGlobalSection
	GlobalSection(ExtensibilityGlobals) = postSolution
		SolutionGuid = {6F62447F-2BCB-48AA-96D3-0C33FC991DCC}
	EndGlobalSection
EndGlobal
